
Microsoft Visual Studio Solution File, Format Version 12.00
# Visual Studio Version 17
VisualStudioVersion = 17.7.34221.43
MinimumVisualStudioVersion = 10.0.40219.1
Project("{FAE04EC0-301F-11D3-BF4B-00C04F79EFBC}") = "GameStore", "GameStore\GameStore.csproj", "{DA29EC45-C3D8-4B9B-9391-7075168E7EE5}"
EndProject
Global
	GlobalSection(SolutionConfigurationPlatforms) = preSolution
		Debug|Any CPU = Debug|Any CPU
		Release|Any CPU = Release|Any CPU
	EndGlobalSection
	GlobalSection(ProjectConfigurationPlatforms) = postSolution
		{DA29EC45-C3D8-4B9B-9391-7075168E7EE5}.Debug|Any CPU.ActiveCfg = Debug|Any CPU
		{DA29EC45-C3D8-4B9B-9391-7075168E7EE5}.Debug|Any CPU.Build.0 = Debug|Any CPU
		{DA29EC45-C3D8-4B9B-9391-7075168E7EE5}.Release|Any CPU.ActiveCfg = Release|Any CPU
		{DA29EC45-C3D8-4B9B-9391-7075168E7EE5}.Release|Any CPU.Build.0 = Release|Any CPU
	EndGlobalSection
	GlobalSection(SolutionProperties) = preSolution
		HideSolutionNode = FALSE
	EndGlobalSection
	GlobalSection(ExtensibilityGlobals) = postSolution
		SolutionGuid = {7D872D68-C23E-4189-9063-6B8828F5C82A}
	EndGlobalSection
EndGlobal
